
Microsoft Visual Studio Solution File, Format Version 12.00
# Visual Studio Version 17
VisualStudioVersion = 17.3.32825.248
MinimumVisualStudioVersion = 10.0.40219.1
Project("{FAE04EC0-301F-11D3-BF4B-00C04F79EFBC}") = "MirtesenDataGenerator", "MirtesenDataGenerator.csproj", "{76A08178-85CF-42AD-A0E8-CE6F4FFD7C81}"
EndProject
Global
	GlobalSection(SolutionConfigurationPlatforms) = preSolution
		Debug|Any CPU = Debug|Any CPU
		Release|Any CPU = Release|Any CPU
	EndGlobalSection
	GlobalSection(ProjectConfigurationPlatforms) = postSolution
		{76A08178-85CF-42AD-A0E8-CE6F4FFD7C81}.Debug|Any CPU.ActiveCfg = Debug|Any CPU
		{76A08178-85CF-42AD-A0E8-CE6F4FFD7C81}.Debug|Any CPU.Build.0 = Debug|Any CPU
		{76A08178-85CF-42AD-A0E8-CE6F4FFD7C81}.Release|Any CPU.ActiveCfg = Release|Any CPU
		{76A08178-85CF-42AD-A0E8-CE6F4FFD7C81}.Release|Any CPU.Build.0 = Release|Any CPU
	EndGlobalSection
	GlobalSection(SolutionProperties) = preSolution
		HideSolutionNode = FALSE
	EndGlobalSection
	GlobalSection(ExtensibilityGlobals) = postSolution
		SolutionGuid = {481BE990-328A-4BEC-9546-7CF66CE1F57A}
	EndGlobalSection
EndGlobal
